
Microsoft Visual Studio Solution File, Format Version 12.00
# Visual Studio Version 16
VisualStudioVersion = 16.0.33529.622
MinimumVisualStudioVersion = 10.0.40219.1
Project("{FAE04EC0-301F-11D3-BF4B-00C04F79EFBC}") = "SignUp", "SignUp\SignUp.csproj", "{8BB75649-3D44-451D-B948-E27B048E2A27}"
EndProject
Global
	GlobalSection(SolutionConfigurationPlatforms) = preSolution
		Debug|Any CPU = Debug|Any CPU
		Release|Any CPU = Release|Any CPU
	EndGlobalSection
	GlobalSection(ProjectConfigurationPlatforms) = postSolution
		{8BB75649-3D44-451D-B948-E27B048E2A27}.Debug|Any CPU.ActiveCfg = Debug|Any CPU
		{8BB75649-3D44-451D-B948-E27B048E2A27}.Debug|Any CPU.Build.0 = Debug|Any CPU
		{8BB75649-3D44-451D-B948-E27B048E2A27}.Release|Any CPU.ActiveCfg = Release|Any CPU
		{8BB75649-3D44-451D-B948-E27B048E2A27}.Release|Any CPU.Build.0 = Release|Any CPU
	EndGlobalSection
	GlobalSection(SolutionProperties) = preSolution
		HideSolutionNode = FALSE
	EndGlobalSection
	GlobalSection(ExtensibilityGlobals) = postSolution
		SolutionGuid = {781F68E7-C206-43B5-89A8-2918E8263566}
	EndGlobalSection
EndGlobal
